
Microsoft Visual Studio Solution File, Format Version 12.00
# Visual Studio Version 17
VisualStudioVersion = 17.0.31903.59
MinimumVisualStudioVersion = 10.0.40219.1
Project("{FAE04EC0-301F-11D3-BF4B-00C04F79EFBC}") = "Commander", "Commander\Commander.csproj", "{F8FEF22A-512A-4815-BC77-7BADEC5F11E9}"
EndProject
Project("{FAE04EC0-301F-11D3-BF4B-00C04F79EFBC}") = "Promty", "Promty\Promty.csproj", "{35290859-BE19-4E73-9D01-A0FE0C48E0C1}"
EndProject
Project("{FAE04EC0-301F-11D3-BF4B-00C04F79EFBC}") = "Commander.SubCommands", "Commander.SubCommands\Commander.SubCommands.csproj", "{6AC81339-8E13-4B94-BFEB-83D37E2F0887}"
EndProject
Global
	GlobalSection(SolutionConfigurationPlatforms) = preSolution
		Debug|Any CPU = Debug|Any CPU
		Debug|x64 = Debug|x64
		Debug|x86 = Debug|x86
		Release|Any CPU = Release|Any CPU
		Release|x64 = Release|x64
		Release|x86 = Release|x86
	EndGlobalSection
	GlobalSection(ProjectConfigurationPlatforms) = postSolution
		{F8FEF22A-512A-4815-BC77-7BADEC5F11E9}.Debug|Any CPU.ActiveCfg = Debug|Any CPU
		{F8FEF22A-512A-4815-BC77-7BADEC5F11E9}.Debug|Any CPU.Build.0 = Debug|Any CPU
		{F8FEF22A-512A-4815-BC77-7BADEC5F11E9}.Debug|x64.ActiveCfg = Debug|Any CPU
		{F8FEF22A-512A-4815-BC77-7BADEC5F11E9}.Debug|x64.Build.0 = Debug|Any CPU
		{F8FEF22A-512A-4815-BC77-7BADEC5F11E9}.Debug|x86.ActiveCfg = Debug|Any CPU
		{F8FEF22A-512A-4815-BC77-7BADEC5F11E9}.Debug|x86.Build.0 = Debug|Any CPU
		{F8FEF22A-512A-4815-BC77-7BADEC5F11E9}.Release|Any CPU.ActiveCfg = Release|Any CPU
		{F8FEF22A-512A-4815-BC77-7BADEC5F11E9}.Release|Any CPU.Build.0 = Release|Any CPU
		{F8FEF22A-512A-4815-BC77-7BADEC5F11E9}.Release|x64.ActiveCfg = Release|Any CPU
		{F8FEF22A-512A-4815-BC77-7BADEC5F11E9}.Release|x64.Build.0 = Release|Any CPU
		{F8FEF22A-512A-4815-BC77-7BADEC5F11E9}.Release|x86.ActiveCfg = Release|Any CPU
		{F8FEF22A-512A-4815-BC77-7BADEC5F11E9}.Release|x86.Build.0 = Release|Any CPU
		{35290859-BE19-4E73-9D01-A0FE0C48E0C1}.Debug|Any CPU.ActiveCfg = Debug|Any CPU
		{35290859-BE19-4E73-9D01-A0FE0C48E0C1}.Debug|Any CPU.Build.0 = Debug|Any CPU
		{35290859-BE19-4E73-9D01-A0FE0C48E0C1}.Debug|x64.ActiveCfg = Debug|Any CPU
		{35290859-BE19-4E73-9D01-A0FE0C48E0C1}.Debug|x64.Build.0 = Debug|Any CPU
		{35290859-BE19-4E73-9D01-A0FE0C48E0C1}.Debug|x86.ActiveCfg = Debug|Any CPU
		{35290859-BE19-4E73-9D01-A0FE0C48E0C1}.Debug|x86.Build.0 = Debug|Any CPU
		{35290859-BE19-4E73-9D01-A0FE0C48E0C1}.Release|Any CPU.ActiveCfg = Release|Any CPU
		{35290859-BE19-4E73-9D01-A0FE0C48E0C1}.Release|Any CPU.Build.0 = Release|Any CPU
		{35290859-BE19-4E73-9D01-A0FE0C48E0C1}.Release|x64.ActiveCfg = Release|Any CPU
		{35290859-BE19-4E73-9D01-A0FE0C48E0C1}.Release|x64.Build.0 = Release|Any CPU
		{35290859-BE19-4E73-9D01-A0FE0C48E0C1}.Release|x86.ActiveCfg = Release|Any CPU
		{35290859-BE19-4E73-9D01-A0FE0C48E0C1}.Release|x86.Build.0 = Release|Any CPU
		{6AC81339-8E13-4B94-BFEB-83D37E2F0887}.Debug|Any CPU.ActiveCfg = Debug|Any CPU
		{6AC81339-8E13-4B94-BFEB-83D37E2F0887}.Debug|Any CPU.Build.0 = Debug|Any CPU
		{6AC81339-8E13-4B94-BFEB-83D37E2F0887}.Debug|x64.ActiveCfg = Debug|Any CPU
		{6AC81339-8E13-4B94-BFEB-83D37E2F0887}.Debug|x64.Build.0 = Debug|Any CPU
		{6AC81339-8E13-4B94-BFEB-83D37E2F0887}.Debug|x86.ActiveCfg = Debug|Any CPU
		{6AC81339-8E13-4B94-BFEB-83D37E2F0887}.Debug|x86.Build.0 = Debug|Any CPU
		{6AC81339-8E13-4B94-BFEB-83D37E2F0887}.Release|Any CPU.ActiveCfg = Release|Any CPU
		{6AC81339-8E13-4B94-BFEB-83D37E2F0887}.Release|Any CPU.Build.0 = Release|Any CPU
		{6AC81339-8E13-4B94-BFEB-83D37E2F0887}.Release|x64.ActiveCfg = Release|Any CPU
		{6AC81339-8E13-4B94-BFEB-83D37E2F0887}.Release|x64.Build.0 = Release|Any CPU
		{6AC81339-8E13-4B94-BFEB-83D37E2F0887}.Release|x86.ActiveCfg = Release|Any CPU
		{6AC81339-8E13-4B94-BFEB-83D37E2F0887}.Release|x86.Build.0 = Release|Any CPU
	EndGlobalSection
	GlobalSection(SolutionProperties) = preSolution
		HideSolutionNode = FALSE
	EndGlobalSection
EndGlobal
